
Microsoft Visual Studio Solution File, Format Version 12.00
# Visual Studio 15
VisualStudioVersion = 15.0.28010.2036
MinimumVisualStudioVersion = 10.0.40219.1
Project("{FAE04EC0-301F-11D3-BF4B-00C04F79EFBC}") = "MoneyTracker", "MoneyTracker\MoneyTracker.csproj", "{E04D2BFA-01B9-4245-9765-B57BFD0B89A0}"
EndProject
Global
	GlobalSection(SolutionConfigurationPlatforms) = preSolution
		Debug|Any CPU = Debug|Any CPU
		Release|Any CPU = Release|Any CPU
	EndGlobalSection
	GlobalSection(ProjectConfigurationPlatforms) = postSolution
		{E04D2BFA-01B9-4245-9765-B57BFD0B89A0}.Debug|Any CPU.ActiveCfg = Debug|Any CPU
		{E04D2BFA-01B9-4245-9765-B57BFD0B89A0}.Debug|Any CPU.Build.0 = Debug|Any CPU
		{E04D2BFA-01B9-4245-9765-B57BFD0B89A0}.Release|Any CPU.ActiveCfg = Release|Any CPU
		{E04D2BFA-01B9-4245-9765-B57BFD0B89A0}.Release|Any CPU.Build.0 = Release|Any CPU
	EndGlobalSection
	GlobalSection(SolutionProperties) = preSolution
		HideSolutionNode = FALSE
	EndGlobalSection
	GlobalSection(ExtensibilityGlobals) = postSolution
		SolutionGuid = {269BE21F-5EFB-4834-9F95-668F2E461562}
	EndGlobalSection
EndGlobal
